
Microsoft Visual Studio Solution File, Format Version 12.00
# Visual Studio Version 16
VisualStudioVersion = 16.0.30709.64
MinimumVisualStudioVersion = 10.0.40219.1
Project("{FAE04EC0-301F-11D3-BF4B-00C04F79EFBC}") = "Bevezeto", "Bevezeto\Bevezeto.csproj", "{085772C1-D738-49C5-BBA8-8826B23F8172}"
EndProject
Global
	GlobalSection(SolutionConfigurationPlatforms) = preSolution
		Debug|Any CPU = Debug|Any CPU
		Release|Any CPU = Release|Any CPU
	EndGlobalSection
	GlobalSection(ProjectConfigurationPlatforms) = postSolution
		{085772C1-D738-49C5-BBA8-8826B23F8172}.Debug|Any CPU.ActiveCfg = Debug|Any CPU
		{085772C1-D738-49C5-BBA8-8826B23F8172}.Debug|Any CPU.Build.0 = Debug|Any CPU
		{085772C1-D738-49C5-BBA8-8826B23F8172}.Release|Any CPU.ActiveCfg = Release|Any CPU
		{085772C1-D738-49C5-BBA8-8826B23F8172}.Release|Any CPU.Build.0 = Release|Any CPU
	EndGlobalSection
	GlobalSection(SolutionProperties) = preSolution
		HideSolutionNode = FALSE
	EndGlobalSection
	GlobalSection(ExtensibilityGlobals) = postSolution
		SolutionGuid = {B17282A1-2406-4A57-A507-5CC86B26DE3A}
	EndGlobalSection
EndGlobal
